// !$*UTF8*$!
{
	archiveVersion = 1;
	classes = {
	};
	objectVersion = 50;
	objects = {

/* Begin PBXBuildFile section */
		117E699425F7A21E00E313E3 /* AppDelegate.swift in Sources */ = {isa = PBXBuildFile; fileRef = 117E699325F7A21E00E313E3 /* AppDelegate.swift */; };
		117E699625F7A21E00E313E3 /* SceneDelegate.swift in Sources */ = {isa = PBXBuildFile; fileRef = 117E699525F7A21E00E313E3 /* SceneDelegate.swift */; };
		117E699B25F7A21E00E313E3 /* Main.storyboard in Resources */ = {isa = PBXBuildFile; fileRef = 117E699925F7A21E00E313E3 /* Main.storyboard */; };
		117E699D25F7A21F00E313E3 /* Assets.xcassets in Resources */ = {isa = PBXBuildFile; fileRef = 117E699C25F7A21F00E313E3 /* Assets.xcassets */; };
		117E69A025F7A21F00E313E3 /* LaunchScreen.storyboard in Resources */ = {isa = PBXBuildFile; fileRef = 117E699E25F7A21F00E313E3 /* LaunchScreen.storyboard */; };
		117E69A925F7A39900E313E3 /* BooksViewController.swift in Sources */ = {isa = PBXBuildFile; fileRef = 117E69A825F7A39900E313E3 /* BooksViewController.swift */; };
		117E69AC25F7A3A600E313E3 /* HousesViewController.swift in Sources */ = {isa = PBXBuildFile; fileRef = 117E69AB25F7A3A600E313E3 /* HousesViewController.swift */; };
		117E69AF25F7A3B600E313E3 /* CharactersViewController.swift in Sources */ = {isa = PBXBuildFile; fileRef = 117E69AE25F7A3B600E313E3 /* CharactersViewController.swift */; };
		ED11EB9026E8BC4F00536C45 /* DateFormatter.swift in Sources */ = {isa = PBXBuildFile; fileRef = ED11EB8F26E8BC4F00536C45 /* DateFormatter.swift */; };
		ED11EBA026E8C95300536C45 /* TabBarController.swift in Sources */ = {isa = PBXBuildFile; fileRef = ED11EB9F26E8C95300536C45 /* TabBarController.swift */; };
		ED11EBA426E8CBB300536C45 /* UIColour+Extensions.swift in Sources */ = {isa = PBXBuildFile; fileRef = ED11EBA326E8CBB300536C45 /* UIColour+Extensions.swift */; };
		ED11EBA926E8EF9600536C45 /* HousesTableViewCell.swift in Sources */ = {isa = PBXBuildFile; fileRef = ED11EBA826E8EF9600536C45 /* HousesTableViewCell.swift */; };
		ED11EBAC26E8EFC400536C45 /* HousesViewController+Extensions.swift in Sources */ = {isa = PBXBuildFile; fileRef = ED11EBAB26E8EFC400536C45 /* HousesViewController+Extensions.swift */; };
		ED11EBAE26E9FCD000536C45 /* Models.swift in Sources */ = {isa = PBXBuildFile; fileRef = ED11EBAD26E9FCD000536C45 /* Models.swift */; };
		ED11EBB326EA05B200536C45 /* CharactersViewController+Extensions.swift in Sources */ = {isa = PBXBuildFile; fileRef = ED11EBB226EA05B200536C45 /* CharactersViewController+Extensions.swift */; };
		ED11EBB526EA060F00536C45 /* CharacterTableViewCell.swift in Sources */ = {isa = PBXBuildFile; fileRef = ED11EBB426EA060F00536C45 /* CharacterTableViewCell.swift */; };
		ED11EBB726EA3CD500536C45 /* BooksViewControllerTests.swift in Sources */ = {isa = PBXBuildFile; fileRef = ED11EBB626EA3CD500536C45 /* BooksViewControllerTests.swift */; };
		ED11EBB926EA7E9D00536C45 /* BooksTableViewCell.swift in Sources */ = {isa = PBXBuildFile; fileRef = ED11EBB826EA7E9D00536C45 /* BooksTableViewCell.swift */; };
		ED11EBBC26EA7EC800536C45 /* BooksViewController+Extensions.swift in Sources */ = {isa = PBXBuildFile; fileRef = ED11EBBB26EA7EC800536C45 /* BooksViewController+Extensions.swift */; };
		ED11EBBE26EB55AB00536C45 /* NetworkRequests.swift in Sources */ = {isa = PBXBuildFile; fileRef = ED11EBBD26EB55AB00536C45 /* NetworkRequests.swift */; };
		ED11EBC026EB7FED00536C45 /* Int+Extensions.swift in Sources */ = {isa = PBXBuildFile; fileRef = ED11EBBF26EB7FED00536C45 /* Int+Extensions.swift */; };
/* End PBXBuildFile section */

/* Begin PBXContainerItemProxy section */
		ED11EB9A26E8C77900536C45 /* PBXContainerItemProxy */ = {
			isa = PBXContainerItemProxy;
			containerPortal = 117E698825F7A21E00E313E3 /* Project object */;
			proxyType = 1;
			remoteGlobalIDString = 117E698F25F7A21E00E313E3;
			remoteInfo = iOSTakeHomeChallenge;
		};
/* End PBXContainerItemProxy section */

/* Begin PBXFileReference section */
		117E699025F7A21E00E313E3 /* iOSTakeHomeChallenge.app */ = {isa = PBXFileReference; explicitFileType = wrapper.application; includeInIndex = 0; path = iOSTakeHomeChallenge.app; sourceTree = BUILT_PRODUCTS_DIR; };
		117E699325F7A21E00E313E3 /* AppDelegate.swift */ = {isa = PBXFileReference; lastKnownFileType = sourcecode.swift; path = AppDelegate.swift; sourceTree = "<group>"; };
		117E699525F7A21E00E313E3 /* SceneDelegate.swift */ = {isa = PBXFileReference; lastKnownFileType = sourcecode.swift; path = SceneDelegate.swift; sourceTree = "<group>"; };
		117E699A25F7A21E00E313E3 /* Base */ = {isa = PBXFileReference; lastKnownFileType = file.storyboard; name = Base; path = Base.lproj/Main.storyboard; sourceTree = "<group>"; };
		117E699C25F7A21F00E313E3 /* Assets.xcassets */ = {isa = PBXFileReference; lastKnownFileType = folder.assetcatalog; path = Assets.xcassets; sourceTree = "<group>"; };
		117E699F25F7A21F00E313E3 /* Base */ = {isa = PBXFileReference; lastKnownFileType = file.storyboard; name = Base; path = Base.lproj/LaunchScreen.storyboard; sourceTree = "<group>"; };
		117E69A125F7A21F00E313E3 /* Info.plist */ = {isa = PBXFileReference; lastKnownFileType = text.plist.xml; path = Info.plist; sourceTree = "<group>"; };
		117E69A825F7A39900E313E3 /* BooksViewController.swift */ = {isa = PBXFileReference; lastKnownFileType = sourcecode.swift; path = BooksViewController.swift; sourceTree = "<group>"; };
		117E69AB25F7A3A600E313E3 /* HousesViewController.swift */ = {isa = PBXFileReference; lastKnownFileType = sourcecode.swift; path = HousesViewController.swift; sourceTree = "<group>"; };
		117E69AE25F7A3B600E313E3 /* CharactersViewController.swift */ = {isa = PBXFileReference; lastKnownFileType = sourcecode.swift; path = CharactersViewController.swift; sourceTree = "<group>"; };
		ED11EB8F26E8BC4F00536C45 /* DateFormatter.swift */ = {isa = PBXFileReference; lastKnownFileType = sourcecode.swift; path = DateFormatter.swift; sourceTree = "<group>"; };
		ED11EB9526E8C77900536C45 /* iOSTakeHomeChallengeTests.xctest */ = {isa = PBXFileReference; explicitFileType = wrapper.cfbundle; includeInIndex = 0; path = iOSTakeHomeChallengeTests.xctest; sourceTree = BUILT_PRODUCTS_DIR; };
		ED11EB9926E8C77900536C45 /* Info.plist */ = {isa = PBXFileReference; lastKnownFileType = text.plist.xml; path = Info.plist; sourceTree = "<group>"; };
		ED11EB9F26E8C95300536C45 /* TabBarController.swift */ = {isa = PBXFileReference; lastKnownFileType = sourcecode.swift; path = TabBarController.swift; sourceTree = "<group>"; };
		ED11EBA326E8CBB300536C45 /* UIColour+Extensions.swift */ = {isa = PBXFileReference; lastKnownFileType = sourcecode.swift; path = "UIColour+Extensions.swift"; sourceTree = "<group>"; };
		ED11EBA826E8EF9600536C45 /* HousesTableViewCell.swift */ = {isa = PBXFileReference; lastKnownFileType = sourcecode.swift; path = HousesTableViewCell.swift; sourceTree = "<group>"; };
		ED11EBAB26E8EFC400536C45 /* HousesViewController+Extensions.swift */ = {isa = PBXFileReference; lastKnownFileType = sourcecode.swift; path = "HousesViewController+Extensions.swift"; sourceTree = "<group>"; };
		ED11EBAD26E9FCD000536C45 /* Models.swift */ = {isa = PBXFileReference; lastKnownFileType = sourcecode.swift; path = Models.swift; sourceTree = "<group>"; };
		ED11EBB226EA05B200536C45 /* CharactersViewController+Extensions.swift */ = {isa = PBXFileReference; lastKnownFileType = sourcecode.swift; path = "CharactersViewController+Extensions.swift"; sourceTree = "<group>"; };
		ED11EBB426EA060F00536C45 /* CharacterTableViewCell.swift */ = {isa = PBXFileReference; lastKnownFileType = sourcecode.swift; path = CharacterTableViewCell.swift; sourceTree = "<group>"; };
		ED11EBB626EA3CD500536C45 /* BooksViewControllerTests.swift */ = {isa = PBXFileReference; lastKnownFileType = sourcecode.swift; path = BooksViewControllerTests.swift; sourceTree = "<group>"; };
		ED11EBB826EA7E9D00536C45 /* BooksTableViewCell.swift */ = {isa = PBXFileReference; lastKnownFileType = sourcecode.swift; path = BooksTableViewCell.swift; sourceTree = "<group>"; };
		ED11EBBB26EA7EC800536C45 /* BooksViewController+Extensions.swift */ = {isa = PBXFileReference; lastKnownFileType = sourcecode.swift; path = "BooksViewController+Extensions.swift"; sourceTree = "<group>"; };
		ED11EBBD26EB55AB00536C45 /* NetworkRequests.swift */ = {isa = PBXFileReference; lastKnownFileType = sourcecode.swift; path = NetworkRequests.swift; sourceTree = "<group>"; };
		ED11EBBF26EB7FED00536C45 /* Int+Extensions.swift */ = {isa = PBXFileReference; lastKnownFileType = sourcecode.swift; path = "Int+Extensions.swift"; sourceTree = "<group>"; };
/* End PBXFileReference section */

/* Begin PBXFrameworksBuildPhase section */
		117E698D25F7A21E00E313E3 /* Frameworks */ = {
			isa = PBXFrameworksBuildPhase;
			buildActionMask = 2147483647;
			files = (
			);
			runOnlyForDeploymentPostprocessing = 0;
		};
		ED11EB9226E8C77900536C45 /* Frameworks */ = {
			isa = PBXFrameworksBuildPhase;
			buildActionMask = 2147483647;
			files = (
			);
			runOnlyForDeploymentPostprocessing = 0;
		};
/* End PBXFrameworksBuildPhase section */

/* Begin PBXGroup section */
		117E698725F7A21E00E313E3 = {
			isa = PBXGroup;
			children = (
				117E699225F7A21E00E313E3 /* iOSTakeHomeChallenge */,
				ED11EB9626E8C77900536C45 /* iOSTakeHomeChallengeTests */,
				117E699125F7A21E00E313E3 /* Products */,
			);
			sourceTree = "<group>";
		};
		117E699125F7A21E00E313E3 /* Products */ = {
			isa = PBXGroup;
			children = (
				117E699025F7A21E00E313E3 /* iOSTakeHomeChallenge.app */,
				ED11EB9526E8C77900536C45 /* iOSTakeHomeChallengeTests.xctest */,
			);
			name = Products;
			sourceTree = "<group>";
		};
		117E699225F7A21E00E313E3 /* iOSTakeHomeChallenge */ = {
			isa = PBXGroup;
			children = (
				ED11EBA126E8C95800536C45 /* Controllers */,
				ED11EB8E26E8BC4100536C45 /* Utilities */,
				ED11EB8D26E8B70000536C45 /* Views */,
				117E699325F7A21E00E313E3 /* AppDelegate.swift */,
				117E699525F7A21E00E313E3 /* SceneDelegate.swift */,
				117E699925F7A21E00E313E3 /* Main.storyboard */,
				117E699C25F7A21F00E313E3 /* Assets.xcassets */,
				117E699E25F7A21F00E313E3 /* LaunchScreen.storyboard */,
				117E69A125F7A21F00E313E3 /* Info.plist */,
				ED11EBAD26E9FCD000536C45 /* Models.swift */,
			);
			path = iOSTakeHomeChallenge;
			sourceTree = "<group>";
		};
		ED11EB8D26E8B70000536C45 /* Views */ = {
			isa = PBXGroup;
			children = (
				ED11EBA726E8EF7800536C45 /* CharactersView */,
				ED11EBA626E8EF7000536C45 /* HousesView */,
				ED11EBA526E8EF6A00536C45 /* BooksView */,
			);
			path = Views;
			sourceTree = "<group>";
		};
		ED11EB8E26E8BC4100536C45 /* Utilities */ = {
			isa = PBXGroup;
			children = (
				ED11EBA226E8CBA500536C45 /* Extensions */,
				ED11EB8F26E8BC4F00536C45 /* DateFormatter.swift */,
				ED11EBBD26EB55AB00536C45 /* NetworkRequests.swift */,
			);
			path = Utilities;
			sourceTree = "<group>";
		};
		ED11EB9626E8C77900536C45 /* iOSTakeHomeChallengeTests */ = {
			isa = PBXGroup;
			children = (
				ED11EBB626EA3CD500536C45 /* BooksViewControllerTests.swift */,
				ED11EB9926E8C77900536C45 /* Info.plist */,
			);
			path = iOSTakeHomeChallengeTests;
			sourceTree = "<group>";
		};
		ED11EBA126E8C95800536C45 /* Controllers */ = {
			isa = PBXGroup;
			children = (
				ED11EB9F26E8C95300536C45 /* TabBarController.swift */,
			);
			path = Controllers;
			sourceTree = "<group>";
		};
		ED11EBA226E8CBA500536C45 /* Extensions */ = {
			isa = PBXGroup;
			children = (
				ED11EBA326E8CBB300536C45 /* UIColour+Extensions.swift */,
				ED11EBBF26EB7FED00536C45 /* Int+Extensions.swift */,
			);
			path = Extensions;
			sourceTree = "<group>";
		};
		ED11EBA526E8EF6A00536C45 /* BooksView */ = {
			isa = PBXGroup;
			children = (
				ED11EBBA26EA7EB200536C45 /* Extensions */,
				117E69A825F7A39900E313E3 /* BooksViewController.swift */,
				ED11EBB826EA7E9D00536C45 /* BooksTableViewCell.swift */,
			);
			path = BooksView;
			sourceTree = "<group>";
		};
		ED11EBA626E8EF7000536C45 /* HousesView */ = {
			isa = PBXGroup;
			children = (
				ED11EBAA26E8EFAF00536C45 /* Extensions */,
				117E69AB25F7A3A600E313E3 /* HousesViewController.swift */,
				ED11EBA826E8EF9600536C45 /* HousesTableViewCell.swift */,
			);
			path = HousesView;
			sourceTree = "<group>";
		};
		ED11EBA726E8EF7800536C45 /* CharactersView */ = {
			isa = PBXGroup;
			children = (
				ED11EBB126EA059D00536C45 /* Extensions */,
				117E69AE25F7A3B600E313E3 /* CharactersViewController.swift */,
				ED11EBB426EA060F00536C45 /* CharacterTableViewCell.swift */,
			);
			path = CharactersView;
			sourceTree = "<group>";
		};
		ED11EBAA26E8EFAF00536C45 /* Extensions */ = {
			isa = PBXGroup;
			children = (
				ED11EBAB26E8EFC400536C45 /* HousesViewController+Extensions.swift */,
			);
			path = Extensions;
			sourceTree = "<group>";
		};
		ED11EBB126EA059D00536C45 /* Extensions */ = {
			isa = PBXGroup;
			children = (
				ED11EBB226EA05B200536C45 /* CharactersViewController+Extensions.swift */,
			);
			path = Extensions;
			sourceTree = "<group>";
		};
		ED11EBBA26EA7EB200536C45 /* Extensions */ = {
			isa = PBXGroup;
			children = (
				ED11EBBB26EA7EC800536C45 /* BooksViewController+Extensions.swift */,
			);
			path = Extensions;
			sourceTree = "<group>";
		};
/* End PBXGroup section */

/* Begin PBXNativeTarget section */
		117E698F25F7A21E00E313E3 /* iOSTakeHomeChallenge */ = {
			isa = PBXNativeTarget;
			buildConfigurationList = 117E69A425F7A21F00E313E3 /* Build configuration list for PBXNativeTarget "iOSTakeHomeChallenge" */;
			buildPhases = (
				117E698C25F7A21E00E313E3 /* Sources */,
				117E698D25F7A21E00E313E3 /* Frameworks */,
				117E698E25F7A21E00E313E3 /* Resources */,
			);
			buildRules = (
			);
			dependencies = (
			);
			name = iOSTakeHomeChallenge;
			productName = iOSTakeHomeChallenge;
			productReference = 117E699025F7A21E00E313E3 /* iOSTakeHomeChallenge.app */;
			productType = "com.apple.product-type.application";
		};
		ED11EB9426E8C77900536C45 /* iOSTakeHomeChallengeTests */ = {
			isa = PBXNativeTarget;
			buildConfigurationList = ED11EB9C26E8C77A00536C45 /* Build configuration list for PBXNativeTarget "iOSTakeHomeChallengeTests" */;
			buildPhases = (
				ED11EB9126E8C77900536C45 /* Sources */,
				ED11EB9226E8C77900536C45 /* Frameworks */,
				ED11EB9326E8C77900536C45 /* Resources */,
			);
			buildRules = (
			);
			dependencies = (
				ED11EB9B26E8C77900536C45 /* PBXTargetDependency */,
			);
			name = iOSTakeHomeChallengeTests;
			productName = iOSTakeHomeChallengeTests;
			productReference = ED11EB9526E8C77900536C45 /* iOSTakeHomeChallengeTests.xctest */;
			productType = "com.apple.product-type.bundle.unit-test";
		};
/* End PBXNativeTarget section */

/* Begin PBXProject section */
		117E698825F7A21E00E313E3 /* Project object */ = {
			isa = PBXProject;
			attributes = {
				LastSwiftUpdateCheck = 1250;
				LastUpgradeCheck = 1240;
				TargetAttributes = {
					117E698F25F7A21E00E313E3 = {
						CreatedOnToolsVersion = 12.4;
					};
					ED11EB9426E8C77900536C45 = {
						CreatedOnToolsVersion = 12.5.1;
						TestTargetID = 117E698F25F7A21E00E313E3;
					};
				};
			};
			buildConfigurationList = 117E698B25F7A21E00E313E3 /* Build configuration list for PBXProject "iOSTakeHomeChallenge" */;
			compatibilityVersion = "Xcode 9.3";
			developmentRegion = en;
			hasScannedForEncodings = 0;
			knownRegions = (
				en,
				Base,
			);
			mainGroup = 117E698725F7A21E00E313E3;
			productRefGroup = 117E699125F7A21E00E313E3 /* Products */;
			projectDirPath = "";
			projectRoot = "";
			targets = (
				117E698F25F7A21E00E313E3 /* iOSTakeHomeChallenge */,
				ED11EB9426E8C77900536C45 /* iOSTakeHomeChallengeTests */,
			);
		};
/* End PBXProject section */

/* Begin PBXResourcesBuildPhase section */
		117E698E25F7A21E00E313E3 /* Resources */ = {
			isa = PBXResourcesBuildPhase;
			buildActionMask = 2147483647;
			files = (
				117E69A025F7A21F00E313E3 /* LaunchScreen.storyboard in Resources */,
				117E699D25F7A21F00E313E3 /* Assets.xcassets in Resources */,
				117E699B25F7A21E00E313E3 /* Main.storyboard in Resources */,
			);
			runOnlyForDeploymentPostprocessing = 0;
		};
		ED11EB9326E8C77900536C45 /* Resources */ = {
			isa = PBXResourcesBuildPhase;
			buildActionMask = 2147483647;
			files = (
			);
			runOnlyForDeploymentPostprocessing = 0;
		};
/* End PBXResourcesBuildPhase section */

/* Begin PBXSourcesBuildPhase section */
		117E698C25F7A21E00E313E3 /* Sources */ = {
			isa = PBXSourcesBuildPhase;
			buildActionMask = 2147483647;
			files = (
				ED11EBAE26E9FCD000536C45 /* Models.swift in Sources */,
				ED11EBB526EA060F00536C45 /* CharacterTableViewCell.swift in Sources */,
				ED11EB9026E8BC4F00536C45 /* DateFormatter.swift in Sources */,
				ED11EBB326EA05B200536C45 /* CharactersViewController+Extensions.swift in Sources */,
				ED11EBA426E8CBB300536C45 /* UIColour+Extensions.swift in Sources */,
				117E69AC25F7A3A600E313E3 /* HousesViewController.swift in Sources */,
				ED11EBBE26EB55AB00536C45 /* NetworkRequests.swift in Sources */,
				ED11EBB926EA7E9D00536C45 /* BooksTableViewCell.swift in Sources */,
				ED11EBBC26EA7EC800536C45 /* BooksViewController+Extensions.swift in Sources */,
				ED11EBA926E8EF9600536C45 /* HousesTableViewCell.swift in Sources */,
				ED11EBC026EB7FED00536C45 /* Int+Extensions.swift in Sources */,
				117E69AF25F7A3B600E313E3 /* CharactersViewController.swift in Sources */,
				117E69A925F7A39900E313E3 /* BooksViewController.swift in Sources */,
				ED11EBA026E8C95300536C45 /* TabBarController.swift in Sources */,
				117E699425F7A21E00E313E3 /* AppDelegate.swift in Sources */,
				117E699625F7A21E00E313E3 /* SceneDelegate.swift in Sources */,
				ED11EBAC26E8EFC400536C45 /* HousesViewController+Extensions.swift in Sources */,
			);
			runOnlyForDeploymentPostprocessing = 0;
		};
		ED11EB9126E8C77900536C45 /* Sources */ = {
			isa = PBXSourcesBuildPhase;
			buildActionMask = 2147483647;
			files = (
				ED11EBB726EA3CD500536C45 /* BooksViewControllerTests.swift in Sources */,
			);
			runOnlyForDeploymentPostprocessing = 0;
		};
/* End PBXSourcesBuildPhase section */

/* Begin PBXTargetDependency section */
		ED11EB9B26E8C77900536C45 /* PBXTargetDependency */ = {
			isa = PBXTargetDependency;
			target = 117E698F25F7A21E00E313E3 /* iOSTakeHomeChallenge */;
			targetProxy = ED11EB9A26E8C77900536C45 /* PBXContainerItemProxy */;
		};
/* End PBXTargetDependency section */

/* Begin PBXVariantGroup section */
		117E699925F7A21E00E313E3 /* Main.storyboard */ = {
			isa = PBXVariantGroup;
			children = (
				117E699A25F7A21E00E313E3 /* Base */,
			);
			name = Main.storyboard;
			sourceTree = "<group>";
		};
		117E699E25F7A21F00E313E3 /* LaunchScreen.storyboard */ = {
			isa = PBXVariantGroup;
			children = (
				117E699F25F7A21F00E313E3 /* Base */,
			);
			name = LaunchScreen.storyboard;
			sourceTree = "<group>";
		};
/* End PBXVariantGroup section */

/* Begin XCBuildConfiguration section */
		117E69A225F7A21F00E313E3 /* Debug */ = {
			isa = XCBuildConfiguration;
			buildSettings = {
				ALWAYS_SEARCH_USER_PATHS = NO;
				CLANG_ANALYZER_NONNULL = YES;
				CLANG_ANALYZER_NUMBER_OBJECT_CONVERSION = YES_AGGRESSIVE;
				CLANG_CXX_LANGUAGE_STANDARD = "gnu++14";
				CLANG_CXX_LIBRARY = "libc++";
				CLANG_ENABLE_MODULES = YES;
				CLANG_ENABLE_OBJC_ARC = YES;
				CLANG_ENABLE_OBJC_WEAK = YES;
				CLANG_WARN_BLOCK_CAPTURE_AUTORELEASING = YES;
				CLANG_WARN_BOOL_CONVERSION = YES;
				CLANG_WARN_COMMA = YES;
				CLANG_WARN_CONSTANT_CONVERSION = YES;
				CLANG_WARN_DEPRECATED_OBJC_IMPLEMENTATIONS = YES;
				CLANG_WARN_DIRECT_OBJC_ISA_USAGE = YES_ERROR;
				CLANG_WARN_DOCUMENTATION_COMMENTS = YES;
				CLANG_WARN_EMPTY_BODY = YES;
				CLANG_WARN_ENUM_CONVERSION = YES;
				CLANG_WARN_INFINITE_RECURSION = YES;
				CLANG_WARN_INT_CONVERSION = YES;
				CLANG_WARN_NON_LITERAL_NULL_CONVERSION = YES;
				CLANG_WARN_OBJC_IMPLICIT_RETAIN_SELF = YES;
				CLANG_WARN_OBJC_LITERAL_CONVERSION = YES;
				CLANG_WARN_OBJC_ROOT_CLASS = YES_ERROR;
				CLANG_WARN_QUOTED_INCLUDE_IN_FRAMEWORK_HEADER = YES;
				CLANG_WARN_RANGE_LOOP_ANALYSIS = YES;
				CLANG_WARN_STRICT_PROTOTYPES = YES;
				CLANG_WARN_SUSPICIOUS_MOVE = YES;
				CLANG_WARN_UNGUARDED_AVAILABILITY = YES_AGGRESSIVE;
				CLANG_WARN_UNREACHABLE_CODE = YES;
				CLANG_WARN__DUPLICATE_METHOD_MATCH = YES;
				COPY_PHASE_STRIP = NO;
				DEBUG_INFORMATION_FORMAT = dwarf;
				ENABLE_STRICT_OBJC_MSGSEND = YES;
				ENABLE_TESTABILITY = YES;
				GCC_C_LANGUAGE_STANDARD = gnu11;
				GCC_DYNAMIC_NO_PIC = NO;
				GCC_NO_COMMON_BLOCKS = YES;
				GCC_OPTIMIZATION_LEVEL = 0;
				GCC_PREPROCESSOR_DEFINITIONS = (
					"DEBUG=1",
					"$(inherited)",
				);
				GCC_WARN_64_TO_32_BIT_CONVERSION = YES;
				GCC_WARN_ABOUT_RETURN_TYPE = YES_ERROR;
				GCC_WARN_UNDECLARED_SELECTOR = YES;
				GCC_WARN_UNINITIALIZED_AUTOS = YES_AGGRESSIVE;
				GCC_WARN_UNUSED_FUNCTION = YES;
				GCC_WARN_UNUSED_VARIABLE = YES;
				IPHONEOS_DEPLOYMENT_TARGET = 14.4;
				MTL_ENABLE_DEBUG_INFO = INCLUDE_SOURCE;
				MTL_FAST_MATH = YES;
				ONLY_ACTIVE_ARCH = YES;
				SDKROOT = iphoneos;
				SWIFT_ACTIVE_COMPILATION_CONDITIONS = DEBUG;
				SWIFT_OPTIMIZATION_LEVEL = "-Onone";
			};
			name = Debug;
		};
		117E69A325F7A21F00E313E3 /* Release */ = {
			isa = XCBuildConfiguration;
			buildSettings = {
				ALWAYS_SEARCH_USER_PATHS = NO;
				CLANG_ANALYZER_NONNULL = YES;
				CLANG_ANALYZER_NUMBER_OBJECT_CONVERSION = YES_AGGRESSIVE;
				CLANG_CXX_LANGUAGE_STANDARD = "gnu++14";
				CLANG_CXX_LIBRARY = "libc++";
				CLANG_ENABLE_MODULES = YES;
				CLANG_ENABLE_OBJC_ARC = YES;
				CLANG_ENABLE_OBJC_WEAK = YES;
				CLANG_WARN_BLOCK_CAPTURE_AUTORELEASING = YES;
				CLANG_WARN_BOOL_CONVERSION = YES;
				CLANG_WARN_COMMA = YES;
				CLANG_WARN_CONSTANT_CONVERSION = YES;
				CLANG_WARN_DEPRECATED_OBJC_IMPLEMENTATIONS = YES;
				CLANG_WARN_DIRECT_OBJC_ISA_USAGE = YES_ERROR;
				CLANG_WARN_DOCUMENTATION_COMMENTS = YES;
				CLANG_WARN_EMPTY_BODY = YES;
				CLANG_WARN_ENUM_CONVERSION = YES;
				CLANG_WARN_INFINITE_RECURSION = YES;
				CLANG_WARN_INT_CONVERSION = YES;
				CLANG_WARN_NON_LITERAL_NULL_CONVERSION = YES;
				CLANG_WARN_OBJC_IMPLICIT_RETAIN_SELF = YES;
				CLANG_WARN_OBJC_LITERAL_CONVERSION = YES;
				CLANG_WARN_OBJC_ROOT_CLASS = YES_ERROR;
				CLANG_WARN_QUOTED_INCLUDE_IN_FRAMEWORK_HEADER = YES;
				CLANG_WARN_RANGE_LOOP_ANALYSIS = YES;
				CLANG_WARN_STRICT_PROTOTYPES = YES;
				CLANG_WARN_SUSPICIOUS_MOVE = YES;
				CLANG_WARN_UNGUARDED_AVAILABILITY = YES_AGGRESSIVE;
				CLANG_WARN_UNREACHABLE_CODE = YES;
				CLANG_WARN__DUPLICATE_METHOD_MATCH = YES;
				COPY_PHASE_STRIP = NO;
				DEBUG_INFORMATION_FORMAT = "dwarf-with-dsym";
				ENABLE_NS_ASSERTIONS = NO;
				ENABLE_STRICT_OBJC_MSGSEND = YES;
				GCC_C_LANGUAGE_STANDARD = gnu11;
				GCC_NO_COMMON_BLOCKS = YES;
				GCC_WARN_64_TO_32_BIT_CONVERSION = YES;
				GCC_WARN_ABOUT_RETURN_TYPE = YES_ERROR;
				GCC_WARN_UNDECLARED_SELECTOR = YES;
				GCC_WARN_UNINITIALIZED_AUTOS = YES_AGGRESSIVE;
				GCC_WARN_UNUSED_FUNCTION = YES;
				GCC_WARN_UNUSED_VARIABLE = YES;
				IPHONEOS_DEPLOYMENT_TARGET = 14.4;
				MTL_ENABLE_DEBUG_INFO = NO;
				MTL_FAST_MATH = YES;
				SDKROOT = iphoneos;
				SWIFT_COMPILATION_MODE = wholemodule;
				SWIFT_OPTIMIZATION_LEVEL = "-O";
				VALIDATE_PRODUCT = YES;
			};
			name = Release;
		};
		117E69A525F7A21F00E313E3 /* Debug */ = {
			isa = XCBuildConfiguration;
			buildSettings = {
				ASSETCATALOG_COMPILER_APPICON_NAME = AppIcon;
				ASSETCATALOG_COMPILER_GLOBAL_ACCENT_COLOR_NAME = AccentColor;
				CODE_SIGN_STYLE = Automatic;
				INFOPLIST_FILE = iOSTakeHomeChallenge/Info.plist;
				LD_RUNPATH_SEARCH_PATHS = (
					"$(inherited)",
					"@executable_path/Frameworks",
				);
				PRODUCT_BUNDLE_IDENTIFIER = com.xdesign.iOSTakeHomeChallenge;
				PRODUCT_NAME = "$(TARGET_NAME)";
				SWIFT_VERSION = 5.0;
				TARGETED_DEVICE_FAMILY = 1;
			};
			name = Debug;
		};
		117E69A625F7A21F00E313E3 /* Release */ = {
			isa = XCBuildConfiguration;
			buildSettings = {
				ASSETCATALOG_COMPILER_APPICON_NAME = AppIcon;
				ASSETCATALOG_COMPILER_GLOBAL_ACCENT_COLOR_NAME = AccentColor;
				CODE_SIGN_STYLE = Automatic;
				INFOPLIST_FILE = iOSTakeHomeChallenge/Info.plist;
				LD_RUNPATH_SEARCH_PATHS = (
					"$(inherited)",
					"@executable_path/Frameworks",
				);
				PRODUCT_BUNDLE_IDENTIFIER = com.xdesign.iOSTakeHomeChallenge;
				PRODUCT_NAME = "$(TARGET_NAME)";
				SWIFT_VERSION = 5.0;
				TARGETED_DEVICE_FAMILY = 1;
			};
			name = Release;
		};
		ED11EB9D26E8C77A00536C45 /* Debug */ = {
			isa = XCBuildConfiguration;
			buildSettings = {
				BUNDLE_LOADER = "$(TEST_HOST)";
				CODE_SIGN_STYLE = Automatic;
				DEVELOPMENT_TEAM = HS25C34KKH;
				INFOPLIST_FILE = iOSTakeHomeChallengeTests/Info.plist;
				IPHONEOS_DEPLOYMENT_TARGET = 14.5;
				LD_RUNPATH_SEARCH_PATHS = (
					"$(inherited)",
					"@executable_path/Frameworks",
					"@loader_path/Frameworks",
				);
				PRODUCT_BUNDLE_IDENTIFIER = kynan.iOSTakeHomeChallengeTests;
				PRODUCT_NAME = "$(TARGET_NAME)";
				SWIFT_VERSION = 5.0;
				TARGETED_DEVICE_FAMILY = "1,2";
				TEST_HOST = "$(BUILT_PRODUCTS_DIR)/iOSTakeHomeChallenge.app/iOSTakeHomeChallenge";
			};
			name = Debug;
		};
		ED11EB9E26E8C77A00536C45 /* Release */ = {
			isa = XCBuildConfiguration;
			buildSettings = {
				BUNDLE_LOADER = "$(TEST_HOST)";
				CODE_SIGN_STYLE = Automatic;
				DEVELOPMENT_TEAM = HS25C34KKH;
				INFOPLIST_FILE = iOSTakeHomeChallengeTests/Info.plist;
				IPHONEOS_DEPLOYMENT_TARGET = 14.5;
				LD_RUNPATH_SEARCH_PATHS = (
					"$(inherited)",
					"@executable_path/Frameworks",
					"@loader_path/Frameworks",
				);
				PRODUCT_BUNDLE_IDENTIFIER = kynan.iOSTakeHomeChallengeTests;
				PRODUCT_NAME = "$(TARGET_NAME)";
				SWIFT_VERSION = 5.0;
				TARGETED_DEVICE_FAMILY = "1,2";
				TEST_HOST = "$(BUILT_PRODUCTS_DIR)/iOSTakeHomeChallenge.app/iOSTakeHomeChallenge";
			};
			name = Release;
		};
/* End XCBuildConfiguration section */

/* Begin XCConfigurationList section */
		117E698B25F7A21E00E313E3 /* Build configuration list for PBXProject "iOSTakeHomeChallenge" */ = {
			isa = XCConfigurationList;
			buildConfigurations = (
				117E69A225F7A21F00E313E3 /* Debug */,
				117E69A325F7A21F00E313E3 /* Release */,
			);
			defaultConfigurationIsVisible = 0;
			defaultConfigurationName = Release;
		};
		117E69A425F7A21F00E313E3 /* Build configuration list for PBXNativeTarget "iOSTakeHomeChallenge" */ = {
			isa = XCConfigurationList;
			buildConfigurations = (
				117E69A525F7A21F00E313E3 /* Debug */,
				117E69A625F7A21F00E313E3 /* Release */,
			);
			defaultConfigurationIsVisible = 0;
			defaultConfigurationName = Release;
		};
		ED11EB9C26E8C77A00536C45 /* Build configuration list for PBXNativeTarget "iOSTakeHomeChallengeTests" */ = {
			isa = XCConfigurationList;
			buildConfigurations = (
				ED11EB9D26E8C77A00536C45 /* Debug */,
				ED11EB9E26E8C77A00536C45 /* Release */,
			);
			defaultConfigurationIsVisible = 0;
			defaultConfigurationName = Release;
		};
/* End XCConfigurationList section */
	};
	rootObject = 117E698825F7A21E00E313E3 /* Project object */;
}
